
Microsoft Visual Studio Solution File, Format Version 12.00
# Visual Studio Version 16
VisualStudioVersion = 16.0.30516.212
MinimumVisualStudioVersion = 10.0.40219.1
Project("{9A19103F-16F7-4668-BE54-9A1E7A4F7556}") = "CarManiac.Server", "CarManiac\Server\CarManiac.Server.csproj", "{73D70504-F278-492F-B5B1-6D53AECF759C}"
EndProject
Project("{9A19103F-16F7-4668-BE54-9A1E7A4F7556}") = "CarManiac.Client", "CarManiac\Client\CarManiac.Client.csproj", "{17E7BA50-DDEB-4635-8A1F-B5E60CFBECA9}"
EndProject
Project("{9A19103F-16F7-4668-BE54-9A1E7A4F7556}") = "CarManiac.Shared", "CarManiac\Shared\CarManiac.Shared.csproj", "{2195D1DE-413F-4763-A1A9-336D4DDEC019}"
EndProject
Global
	GlobalSection(SolutionConfigurationPlatforms) = preSolution
		Debug|Any CPU = Debug|Any CPU
		Release|Any CPU = Release|Any CPU
	EndGlobalSection
	GlobalSection(ProjectConfigurationPlatforms) = postSolution
		{73D70504-F278-492F-B5B1-6D53AECF759C}.Debug|Any CPU.ActiveCfg = Debug|Any CPU
		{73D70504-F278-492F-B5B1-6D53AECF759C}.Debug|Any CPU.Build.0 = Debug|Any CPU
		{73D70504-F278-492F-B5B1-6D53AECF759C}.Release|Any CPU.ActiveCfg = Release|Any CPU
		{73D70504-F278-492F-B5B1-6D53AECF759C}.Release|Any CPU.Build.0 = Release|Any CPU
		{17E7BA50-DDEB-4635-8A1F-B5E60CFBECA9}.Debug|Any CPU.ActiveCfg = Debug|Any CPU
		{17E7BA50-DDEB-4635-8A1F-B5E60CFBECA9}.Debug|Any CPU.Build.0 = Debug|Any CPU
		{17E7BA50-DDEB-4635-8A1F-B5E60CFBECA9}.Release|Any CPU.ActiveCfg = Release|Any CPU
		{17E7BA50-DDEB-4635-8A1F-B5E60CFBECA9}.Release|Any CPU.Build.0 = Release|Any CPU
		{2195D1DE-413F-4763-A1A9-336D4DDEC019}.Debug|Any CPU.ActiveCfg = Debug|Any CPU
		{2195D1DE-413F-4763-A1A9-336D4DDEC019}.Debug|Any CPU.Build.0 = Debug|Any CPU
		{2195D1DE-413F-4763-A1A9-336D4DDEC019}.Release|Any CPU.ActiveCfg = Release|Any CPU
		{2195D1DE-413F-4763-A1A9-336D4DDEC019}.Release|Any CPU.Build.0 = Release|Any CPU
	EndGlobalSection
	GlobalSection(SolutionProperties) = preSolution
		HideSolutionNode = FALSE
	EndGlobalSection
	GlobalSection(ExtensibilityGlobals) = postSolution
		SolutionGuid = {F2A69611-0F50-4F29-BBC6-A97B43DF4EFA}
	EndGlobalSection
EndGlobal
